
Microsoft Visual Studio Solution File, Format Version 12.00
# Visual Studio Version 16
VisualStudioVersion = 16.0.29326.143
MinimumVisualStudioVersion = 10.0.40219.1
Project("{FAE04EC0-301F-11D3-BF4B-00C04F79EFBC}") = "GpioApi.Api", "GpioApi\GpioApi.Api.csproj", "{C7A77D73-E304-4EE2-A3F0-3316EC83E8D5}"
EndProject
Project("{FAE04EC0-301F-11D3-BF4B-00C04F79EFBC}") = "GpioApi.Models", "GpioApi.Models\GpioApi.Models.csproj", "{2E23BF2B-6DF5-4462-BF84-8A455548A234}"
EndProject
Project("{FAE04EC0-301F-11D3-BF4B-00C04F79EFBC}") = "GpioApi.Logic", "GpioApi.Logic\GpioApi.Logic.csproj", "{022D1C5D-56CB-4C9D-97D7-E2AED8C9567C}"
EndProject
Global
	GlobalSection(SolutionConfigurationPlatforms) = preSolution
		Debug|Any CPU = Debug|Any CPU
		Release|Any CPU = Release|Any CPU
	EndGlobalSection
	GlobalSection(ProjectConfigurationPlatforms) = postSolution
		{C7A77D73-E304-4EE2-A3F0-3316EC83E8D5}.Debug|Any CPU.ActiveCfg = Debug|Any CPU
		{C7A77D73-E304-4EE2-A3F0-3316EC83E8D5}.Debug|Any CPU.Build.0 = Debug|Any CPU
		{C7A77D73-E304-4EE2-A3F0-3316EC83E8D5}.Release|Any CPU.ActiveCfg = Release|Any CPU
		{C7A77D73-E304-4EE2-A3F0-3316EC83E8D5}.Release|Any CPU.Build.0 = Release|Any CPU
		{2E23BF2B-6DF5-4462-BF84-8A455548A234}.Debug|Any CPU.ActiveCfg = Debug|Any CPU
		{2E23BF2B-6DF5-4462-BF84-8A455548A234}.Debug|Any CPU.Build.0 = Debug|Any CPU
		{2E23BF2B-6DF5-4462-BF84-8A455548A234}.Release|Any CPU.ActiveCfg = Release|Any CPU
		{2E23BF2B-6DF5-4462-BF84-8A455548A234}.Release|Any CPU.Build.0 = Release|Any CPU
		{022D1C5D-56CB-4C9D-97D7-E2AED8C9567C}.Debug|Any CPU.ActiveCfg = Debug|Any CPU
		{022D1C5D-56CB-4C9D-97D7-E2AED8C9567C}.Debug|Any CPU.Build.0 = Debug|Any CPU
		{022D1C5D-56CB-4C9D-97D7-E2AED8C9567C}.Release|Any CPU.ActiveCfg = Release|Any CPU
		{022D1C5D-56CB-4C9D-97D7-E2AED8C9567C}.Release|Any CPU.Build.0 = Release|Any CPU
	EndGlobalSection
	GlobalSection(SolutionProperties) = preSolution
		HideSolutionNode = FALSE
	EndGlobalSection
	GlobalSection(ExtensibilityGlobals) = postSolution
		SolutionGuid = {CFC1634C-B544-40EB-9DF8-E5435CAA1A43}
	EndGlobalSection
EndGlobal
